{
    "name": "@progress/sitefinity-react-framework",
    "version": "0.1.0",
    "lockfileVersion": 3,
    "requires": true,
    "packages": {
        "": {
            "name": "@progress/sitefinity-react-framework",
            "version": "0.1.0",
            "dependencies": {
                "@progress/sitefinity-widget-designers": "file:../../sitefinity-widget-designers/progress-sitefinity-widget-designers-0.0.0-development.tgz"
            },
            "peerDependencies": {
                "next": "14.0.3",
                "react": "18.2.0",
                "react-dom": "18.2.0"
            }
        },
        "node_modules/@next/env": {
            "version": "14.0.3",
            "license": "MIT",
            "peer": true
        },
        "node_modules/@next/swc-win32-x64-msvc": {
            "version": "14.0.3",
            "cpu": [
                "x64"
            ],
            "license": "MIT",
            "optional": true,
            "os": [
                "win32"
            ],
            "peer": true,
            "engines": {
                "node": ">= 10"
            }
        },
        "node_modules/@progress/sitefinity-widget-designers": {
            "version": "0.0.0-development",
            "resolved": "file:../../sitefinity-widget-designers/progress-sitefinity-widget-designers-0.0.0-development.tgz",
            "integrity": "sha512-34Fkan/hT7bEgRyqYeR283RI51qkkGzNw6WjtO0OwwfibnhLCCJlWQyAMos7eGMA0ailmwzhX3tph1o6rpDkeA==",
            "license": "See license in EULA.md",
            "dependencies": {
                "typescript": "5.2.2"
            }
        },
        "node_modules/@swc/helpers": {
            "version": "0.5.2",
            "license": "Apache-2.0",
            "peer": true,
            "dependencies": {
                "tslib": "^2.4.0"
            }
        },
        "node_modules/busboy": {
            "version": "1.6.0",
            "peer": true,
            "dependencies": {
                "streamsearch": "^1.1.0"
            },
            "engines": {
                "node": ">=10.16.0"
            }
        },
        "node_modules/caniuse-lite": {
            "version": "1.0.30001570",
            "funding": [
                {
                    "type": "opencollective",
                    "url": "https://opencollective.com/browserslist"
                },
                {
                    "type": "tidelift",
                    "url": "https://tidelift.com/funding/github/npm/caniuse-lite"
                },
                {
                    "type": "github",
                    "url": "https://github.com/sponsors/ai"
                }
            ],
            "license": "CC-BY-4.0",
            "peer": true
        },
        "node_modules/client-only": {
            "version": "0.0.1",
            "license": "MIT",
            "peer": true
        },
        "node_modules/glob-to-regexp": {
            "version": "0.4.1",
            "license": "BSD-2-Clause",
            "peer": true
        },
        "node_modules/graceful-fs": {
            "version": "4.2.11",
            "license": "ISC",
            "peer": true
        },
        "node_modules/js-tokens": {
            "version": "4.0.0",
            "license": "MIT",
            "peer": true
        },
        "node_modules/loose-envify": {
            "version": "1.4.0",
            "license": "MIT",
            "peer": true,
            "dependencies": {
                "js-tokens": "^3.0.0 || ^4.0.0"
            },
            "bin": {
                "loose-envify": "cli.js"
            }
        },
        "node_modules/nanoid": {
            "version": "3.3.7",
            "funding": [
                {
                    "type": "github",
                    "url": "https://github.com/sponsors/ai"
                }
            ],
            "license": "MIT",
            "peer": true,
            "bin": {
                "nanoid": "bin/nanoid.cjs"
            },
            "engines": {
                "node": "^10 || ^12 || ^13.7 || ^14 || >=15.0.1"
            }
        },
        "node_modules/next": {
            "version": "14.0.3",
            "license": "MIT",
            "peer": true,
            "dependencies": {
                "@next/env": "14.0.3",
                "@swc/helpers": "0.5.2",
                "busboy": "1.6.0",
                "caniuse-lite": "^1.0.30001406",
                "postcss": "8.4.31",
                "styled-jsx": "5.1.1",
                "watchpack": "2.4.0"
            },
            "bin": {
                "next": "dist/bin/next"
            },
            "engines": {
                "node": ">=18.17.0"
            },
            "optionalDependencies": {
                "@next/swc-darwin-arm64": "14.0.3",
                "@next/swc-darwin-x64": "14.0.3",
                "@next/swc-linux-arm64-gnu": "14.0.3",
                "@next/swc-linux-arm64-musl": "14.0.3",
                "@next/swc-linux-x64-gnu": "14.0.3",
                "@next/swc-linux-x64-musl": "14.0.3",
                "@next/swc-win32-arm64-msvc": "14.0.3",
                "@next/swc-win32-ia32-msvc": "14.0.3",
                "@next/swc-win32-x64-msvc": "14.0.3"
            },
            "peerDependencies": {
                "@opentelemetry/api": "^1.1.0",
                "react": "^18.2.0",
                "react-dom": "^18.2.0",
                "sass": "^1.3.0"
            },
            "peerDependenciesMeta": {
                "@opentelemetry/api": {
                    "optional": true
                },
                "sass": {
                    "optional": true
                }
            }
        },
        "node_modules/picocolors": {
            "version": "1.0.0",
            "license": "ISC",
            "peer": true
        },
        "node_modules/postcss": {
            "version": "8.4.31",
            "funding": [
                {
                    "type": "opencollective",
                    "url": "https://opencollective.com/postcss/"
                },
                {
                    "type": "tidelift",
                    "url": "https://tidelift.com/funding/github/npm/postcss"
                },
                {
                    "type": "github",
                    "url": "https://github.com/sponsors/ai"
                }
            ],
            "license": "MIT",
            "peer": true,
            "dependencies": {
                "nanoid": "^3.3.6",
                "picocolors": "^1.0.0",
                "source-map-js": "^1.0.2"
            },
            "engines": {
                "node": "^10 || ^12 || >=14"
            }
        },
        "node_modules/react": {
            "version": "18.2.0",
            "license": "MIT",
            "peer": true,
            "dependencies": {
                "loose-envify": "^1.1.0"
            },
            "engines": {
                "node": ">=0.10.0"
            }
        },
        "node_modules/react-dom": {
            "version": "18.2.0",
            "license": "MIT",
            "peer": true,
            "dependencies": {
                "loose-envify": "^1.1.0",
                "scheduler": "^0.23.0"
            },
            "peerDependencies": {
                "react": "^18.2.0"
            }
        },
        "node_modules/scheduler": {
            "version": "0.23.0",
            "license": "MIT",
            "peer": true,
            "dependencies": {
                "loose-envify": "^1.1.0"
            }
        },
        "node_modules/source-map-js": {
            "version": "1.0.2",
            "license": "BSD-3-Clause",
            "peer": true,
            "engines": {
                "node": ">=0.10.0"
            }
        },
        "node_modules/streamsearch": {
            "version": "1.1.0",
            "peer": true,
            "engines": {
                "node": ">=10.0.0"
            }
        },
        "node_modules/styled-jsx": {
            "version": "5.1.1",
            "license": "MIT",
            "peer": true,
            "dependencies": {
                "client-only": "0.0.1"
            },
            "engines": {
                "node": ">= 12.0.0"
            },
            "peerDependencies": {
                "react": ">= 16.8.0 || 17.x.x || ^18.0.0-0"
            },
            "peerDependenciesMeta": {
                "@babel/core": {
                    "optional": true
                },
                "babel-plugin-macros": {
                    "optional": true
                }
            }
        },
        "node_modules/tslib": {
            "version": "2.6.2",
            "license": "0BSD",
            "peer": true
        },
        "node_modules/typescript": {
            "version": "5.2.2",
            "resolved": "https://registry.npmjs.org/typescript/-/typescript-5.2.2.tgz",
            "integrity": "sha512-mI4WrpHsbCIcwT9cF4FZvr80QUeKvsUsUvKDoR+X/7XHQH98xYD8YHZg7ANtz2GtZt/CBq2QJ0thkGJMHfqc1w==",
            "bin": {
                "tsc": "bin/tsc",
                "tsserver": "bin/tsserver"
            },
            "engines": {
                "node": ">=14.17"
            }
        },
        "node_modules/watchpack": {
            "version": "2.4.0",
            "license": "MIT",
            "peer": true,
            "dependencies": {
                "glob-to-regexp": "^0.4.1",
                "graceful-fs": "^4.1.2"
            },
            "engines": {
                "node": ">=10.13.0"
            }
        }
    }
}
